// !$*UTF8*$!
{
	archiveVersion = 1;
	classes = {
	};
	objectVersion = 50;
	objects = {

/* Begin PBXBuildFile section */
		B4868282256AA33D00D8B6DC /* StartButtonView.swift in Sources */ = {isa = PBXBuildFile; fileRef = B4868281256AA33D00D8B6DC /* StartButtonView.swift */; };
		B4868285256AAA4800D8B6DC /* OnBoardingView.swift in Sources */ = {isa = PBXBuildFile; fileRef = B4868284256AAA4800D8B6DC /* OnBoardingView.swift */; };
		B486828B256AB91500D8B6DC /* FruitModel.swift in Sources */ = {isa = PBXBuildFile; fileRef = B486828A256AB91500D8B6DC /* FruitModel.swift */; };
		B4868290256ABA1E00D8B6DC /* FruitData.swift in Sources */ = {isa = PBXBuildFile; fileRef = B486828F256ABA1E00D8B6DC /* FruitData.swift */; };
		B493C8FD256AE52500E99788 /* FruitRowView.swift in Sources */ = {isa = PBXBuildFile; fileRef = B493C8FC256AE52500E99788 /* FruitRowView.swift */; };
		B493C900256AF2A400E99788 /* FruitDetailView.swift in Sources */ = {isa = PBXBuildFile; fileRef = B493C8FF256AF2A400E99788 /* FruitDetailView.swift */; };
		B493C904256AF7D200E99788 /* FruitHeaderView.swift in Sources */ = {isa = PBXBuildFile; fileRef = B493C903256AF7D200E99788 /* FruitHeaderView.swift */; };
		B493C907256AFA4F00E99788 /* SourceLinkView.swift in Sources */ = {isa = PBXBuildFile; fileRef = B493C906256AFA4F00E99788 /* SourceLinkView.swift */; };
		B493C90A256AFF8700E99788 /* FruitNutrientsView.swift in Sources */ = {isa = PBXBuildFile; fileRef = B493C909256AFF8700E99788 /* FruitNutrientsView.swift */; };
		B49D3EE0256A8FD500A3D310 /* Fruit_AppApp.swift in Sources */ = {isa = PBXBuildFile; fileRef = B49D3EDF256A8FD500A3D310 /* Fruit_AppApp.swift */; };
		B49D3EE2256A8FD500A3D310 /* ContentView.swift in Sources */ = {isa = PBXBuildFile; fileRef = B49D3EE1256A8FD500A3D310 /* ContentView.swift */; };
		B49D3EE4256A8FD500A3D310 /* Assets.xcassets in Resources */ = {isa = PBXBuildFile; fileRef = B49D3EE3256A8FD500A3D310 /* Assets.xcassets */; };
		B49D3EE7256A8FD500A3D310 /* Preview Assets.xcassets in Resources */ = {isa = PBXBuildFile; fileRef = B49D3EE6256A8FD500A3D310 /* Preview Assets.xcassets */; };
		B49D3EF4256A9E6100A3D310 /* FruitCardView.swift in Sources */ = {isa = PBXBuildFile; fileRef = B49D3EF3256A9E6100A3D310 /* FruitCardView.swift */; };
/* End PBXBuildFile section */

/* Begin PBXFileReference section */
		B4868281256AA33D00D8B6DC /* StartButtonView.swift */ = {isa = PBXFileReference; lastKnownFileType = sourcecode.swift; path = StartButtonView.swift; sourceTree = "<group>"; };
		B4868284256AAA4800D8B6DC /* OnBoardingView.swift */ = {isa = PBXFileReference; lastKnownFileType = sourcecode.swift; path = OnBoardingView.swift; sourceTree = "<group>"; };
		B486828A256AB91500D8B6DC /* FruitModel.swift */ = {isa = PBXFileReference; lastKnownFileType = sourcecode.swift; path = FruitModel.swift; sourceTree = "<group>"; };
		B486828F256ABA1E00D8B6DC /* FruitData.swift */ = {isa = PBXFileReference; lastKnownFileType = sourcecode.swift; path = FruitData.swift; sourceTree = "<group>"; };
		B493C8FC256AE52500E99788 /* FruitRowView.swift */ = {isa = PBXFileReference; lastKnownFileType = sourcecode.swift; path = FruitRowView.swift; sourceTree = "<group>"; };
		B493C8FF256AF2A400E99788 /* FruitDetailView.swift */ = {isa = PBXFileReference; lastKnownFileType = sourcecode.swift; path = FruitDetailView.swift; sourceTree = "<group>"; };
		B493C903256AF7D200E99788 /* FruitHeaderView.swift */ = {isa = PBXFileReference; lastKnownFileType = sourcecode.swift; path = FruitHeaderView.swift; sourceTree = "<group>"; };
		B493C906256AFA4F00E99788 /* SourceLinkView.swift */ = {isa = PBXFileReference; lastKnownFileType = sourcecode.swift; path = SourceLinkView.swift; sourceTree = "<group>"; };
		B493C909256AFF8700E99788 /* FruitNutrientsView.swift */ = {isa = PBXFileReference; lastKnownFileType = sourcecode.swift; path = FruitNutrientsView.swift; sourceTree = "<group>"; };
		B49D3EDC256A8FD500A3D310 /* Fruit App.app */ = {isa = PBXFileReference; explicitFileType = wrapper.application; includeInIndex = 0; path = "Fruit App.app"; sourceTree = BUILT_PRODUCTS_DIR; };
		B49D3EDF256A8FD500A3D310 /* Fruit_AppApp.swift */ = {isa = PBXFileReference; lastKnownFileType = sourcecode.swift; path = Fruit_AppApp.swift; sourceTree = "<group>"; };
		B49D3EE1256A8FD500A3D310 /* ContentView.swift */ = {isa = PBXFileReference; lastKnownFileType = sourcecode.swift; path = ContentView.swift; sourceTree = "<group>"; };
		B49D3EE3256A8FD500A3D310 /* Assets.xcassets */ = {isa = PBXFileReference; lastKnownFileType = folder.assetcatalog; path = Assets.xcassets; sourceTree = "<group>"; };
		B49D3EE6256A8FD500A3D310 /* Preview Assets.xcassets */ = {isa = PBXFileReference; lastKnownFileType = folder.assetcatalog; path = "Preview Assets.xcassets"; sourceTree = "<group>"; };
		B49D3EE8256A8FD500A3D310 /* Info.plist */ = {isa = PBXFileReference; lastKnownFileType = text.plist.xml; path = Info.plist; sourceTree = "<group>"; };
		B49D3EF3256A9E6100A3D310 /* FruitCardView.swift */ = {isa = PBXFileReference; lastKnownFileType = sourcecode.swift; path = FruitCardView.swift; sourceTree = "<group>"; };
/* End PBXFileReference section */

/* Begin PBXFrameworksBuildPhase section */
		B49D3ED9256A8FD500A3D310 /* Frameworks */ = {
			isa = PBXFrameworksBuildPhase;
			buildActionMask = 2147483647;
			files = (
			);
			runOnlyForDeploymentPostprocessing = 0;
		};
/* End PBXFrameworksBuildPhase section */

/* Begin PBXGroup section */
		B4868289256AB90900D8B6DC /* Model */ = {
			isa = PBXGroup;
			children = (
				B486828A256AB91500D8B6DC /* FruitModel.swift */,
			);
			path = Model;
			sourceTree = "<group>";
		};
		B486828E256ABA0700D8B6DC /* Data */ = {
			isa = PBXGroup;
			children = (
				B486828F256ABA1E00D8B6DC /* FruitData.swift */,
			);
			path = Data;
			sourceTree = "<group>";
		};
		B49D3ED3256A8FD500A3D310 = {
			isa = PBXGroup;
			children = (
				B49D3EDE256A8FD500A3D310 /* Fruit App */,
				B49D3EDD256A8FD500A3D310 /* Products */,
			);
			sourceTree = "<group>";
		};
		B49D3EDD256A8FD500A3D310 /* Products */ = {
			isa = PBXGroup;
			children = (
				B49D3EDC256A8FD500A3D310 /* Fruit App.app */,
			);
			name = Products;
			sourceTree = "<group>";
		};
		B49D3EDE256A8FD500A3D310 /* Fruit App */ = {
			isa = PBXGroup;
			children = (
				B49D3EF0256A9DC500A3D310 /* App */,
				B486828E256ABA0700D8B6DC /* Data */,
				B4868289256AB90900D8B6DC /* Model */,
				B49D3EF2256A9E3B00A3D310 /* View */,
				B49D3EE3256A8FD500A3D310 /* Assets.xcassets */,
				B49D3EE8256A8FD500A3D310 /* Info.plist */,
				B49D3EE5256A8FD500A3D310 /* Preview Content */,
			);
			path = "Fruit App";
			sourceTree = "<group>";
		};
		B49D3EE5256A8FD500A3D310 /* Preview Content */ = {
			isa = PBXGroup;
			children = (
				B49D3EE6256A8FD500A3D310 /* Preview Assets.xcassets */,
			);
			path = "Preview Content";
			sourceTree = "<group>";
		};
		B49D3EF0256A9DC500A3D310 /* App */ = {
			isa = PBXGroup;
			children = (
				B49D3EDF256A8FD500A3D310 /* Fruit_AppApp.swift */,
				B4868284256AAA4800D8B6DC /* OnBoardingView.swift */,
				B49D3EE1256A8FD500A3D310 /* ContentView.swift */,
				B493C8FF256AF2A400E99788 /* FruitDetailView.swift */,
			);
			path = App;
			sourceTree = "<group>";
		};
		B49D3EF2256A9E3B00A3D310 /* View */ = {
			isa = PBXGroup;
			children = (
				B49D3EF3256A9E6100A3D310 /* FruitCardView.swift */,
				B4868281256AA33D00D8B6DC /* StartButtonView.swift */,
				B493C8FC256AE52500E99788 /* FruitRowView.swift */,
				B493C903256AF7D200E99788 /* FruitHeaderView.swift */,
				B493C906256AFA4F00E99788 /* SourceLinkView.swift */,
				B493C909256AFF8700E99788 /* FruitNutrientsView.swift */,
			);
			path = View;
			sourceTree = "<group>";
		};
/* End PBXGroup section */

/* Begin PBXNativeTarget section */
		B49D3EDB256A8FD500A3D310 /* Fruit App */ = {
			isa = PBXNativeTarget;
			buildConfigurationList = B49D3EEB256A8FD500A3D310 /* Build configuration list for PBXNativeTarget "Fruit App" */;
			buildPhases = (
				B49D3ED8256A8FD500A3D310 /* Sources */,
				B49D3ED9256A8FD500A3D310 /* Frameworks */,
				B49D3EDA256A8FD500A3D310 /* Resources */,
			);
			buildRules = (
			);
			dependencies = (
			);
			name = "Fruit App";
			productName = "Fruit App";
			productReference = B49D3EDC256A8FD500A3D310 /* Fruit App.app */;
			productType = "com.apple.product-type.application";
		};
/* End PBXNativeTarget section */

/* Begin PBXProject section */
		B49D3ED4256A8FD500A3D310 /* Project object */ = {
			isa = PBXProject;
			attributes = {
				LastSwiftUpdateCheck = 1220;
				LastUpgradeCheck = 1220;
				TargetAttributes = {
					B49D3EDB256A8FD500A3D310 = {
						CreatedOnToolsVersion = 12.2;
					};
				};
			};
			buildConfigurationList = B49D3ED7256A8FD500A3D310 /* Build configuration list for PBXProject "Fruit App" */;
			compatibilityVersion = "Xcode 9.3";
			developmentRegion = en;
			hasScannedForEncodings = 0;
			knownRegions = (
				en,
				Base,
			);
			mainGroup = B49D3ED3256A8FD500A3D310;
			productRefGroup = B49D3EDD256A8FD500A3D310 /* Products */;
			projectDirPath = "";
			projectRoot = "";
			targets = (
				B49D3EDB256A8FD500A3D310 /* Fruit App */,
			);
		};
/* End PBXProject section */

/* Begin PBXResourcesBuildPhase section */
		B49D3EDA256A8FD500A3D310 /* Resources */ = {
			isa = PBXResourcesBuildPhase;
			buildActionMask = 2147483647;
			files = (
				B49D3EE7256A8FD500A3D310 /* Preview Assets.xcassets in Resources */,
				B49D3EE4256A8FD500A3D310 /* Assets.xcassets in Resources */,
			);
			runOnlyForDeploymentPostprocessing = 0;
		};
/* End PBXResourcesBuildPhase section */

/* Begin PBXSourcesBuildPhase section */
		B49D3ED8256A8FD500A3D310 /* Sources */ = {
			isa = PBXSourcesBuildPhase;
			buildActionMask = 2147483647;
			files = (
				B4868290256ABA1E00D8B6DC /* FruitData.swift in Sources */,
				B493C907256AFA4F00E99788 /* SourceLinkView.swift in Sources */,
				B49D3EF4256A9E6100A3D310 /* FruitCardView.swift in Sources */,
				B493C8FD256AE52500E99788 /* FruitRowView.swift in Sources */,
				B493C90A256AFF8700E99788 /* FruitNutrientsView.swift in Sources */,
				B4868282256AA33D00D8B6DC /* StartButtonView.swift in Sources */,
				B493C900256AF2A400E99788 /* FruitDetailView.swift in Sources */,
				B49D3EE2256A8FD500A3D310 /* ContentView.swift in Sources */,
				B493C904256AF7D200E99788 /* FruitHeaderView.swift in Sources */,
				B4868285256AAA4800D8B6DC /* OnBoardingView.swift in Sources */,
				B486828B256AB91500D8B6DC /* FruitModel.swift in Sources */,
				B49D3EE0256A8FD500A3D310 /* Fruit_AppApp.swift in Sources */,
			);
			runOnlyForDeploymentPostprocessing = 0;
		};
/* End PBXSourcesBuildPhase section */

/* Begin XCBuildConfiguration section */
		B49D3EE9256A8FD500A3D310 /* Debug */ = {
			isa = XCBuildConfiguration;
			buildSettings = {
				ALWAYS_SEARCH_USER_PATHS = NO;
				CLANG_ANALYZER_NONNULL = YES;
				CLANG_ANALYZER_NUMBER_OBJECT_CONVERSION = YES_AGGRESSIVE;
				CLANG_CXX_LANGUAGE_STANDARD = "gnu++14";
				CLANG_CXX_LIBRARY = "libc++";
				CLANG_ENABLE_MODULES = YES;
				CLANG_ENABLE_OBJC_ARC = YES;
				CLANG_ENABLE_OBJC_WEAK = YES;
				CLANG_WARN_BLOCK_CAPTURE_AUTORELEASING = YES;
				CLANG_WARN_BOOL_CONVERSION = YES;
				CLANG_WARN_COMMA = YES;
				CLANG_WARN_CONSTANT_CONVERSION = YES;
				CLANG_WARN_DEPRECATED_OBJC_IMPLEMENTATIONS = YES;
				CLANG_WARN_DIRECT_OBJC_ISA_USAGE = YES_ERROR;
				CLANG_WARN_DOCUMENTATION_COMMENTS = YES;
				CLANG_WARN_EMPTY_BODY = YES;
				CLANG_WARN_ENUM_CONVERSION = YES;
				CLANG_WARN_INFINITE_RECURSION = YES;
				CLANG_WARN_INT_CONVERSION = YES;
				CLANG_WARN_NON_LITERAL_NULL_CONVERSION = YES;
				CLANG_WARN_OBJC_IMPLICIT_RETAIN_SELF = YES;
				CLANG_WARN_OBJC_LITERAL_CONVERSION = YES;
				CLANG_WARN_OBJC_ROOT_CLASS = YES_ERROR;
				CLANG_WARN_QUOTED_INCLUDE_IN_FRAMEWORK_HEADER = YES;
				CLANG_WARN_RANGE_LOOP_ANALYSIS = YES;
				CLANG_WARN_STRICT_PROTOTYPES = YES;
				CLANG_WARN_SUSPICIOUS_MOVE = YES;
				CLANG_WARN_UNGUARDED_AVAILABILITY = YES_AGGRESSIVE;
				CLANG_WARN_UNREACHABLE_CODE = YES;
				CLANG_WARN__DUPLICATE_METHOD_MATCH = YES;
				COPY_PHASE_STRIP = NO;
				DEBUG_INFORMATION_FORMAT = dwarf;
				ENABLE_STRICT_OBJC_MSGSEND = YES;
				ENABLE_TESTABILITY = YES;
				GCC_C_LANGUAGE_STANDARD = gnu11;
				GCC_DYNAMIC_NO_PIC = NO;
				GCC_NO_COMMON_BLOCKS = YES;
				GCC_OPTIMIZATION_LEVEL = 0;
				GCC_PREPROCESSOR_DEFINITIONS = (
					"DEBUG=1",
					"$(inherited)",
				);
				GCC_WARN_64_TO_32_BIT_CONVERSION = YES;
				GCC_WARN_ABOUT_RETURN_TYPE = YES_ERROR;
				GCC_WARN_UNDECLARED_SELECTOR = YES;
				GCC_WARN_UNINITIALIZED_AUTOS = YES_AGGRESSIVE;
				GCC_WARN_UNUSED_FUNCTION = YES;
				GCC_WARN_UNUSED_VARIABLE = YES;
				IPHONEOS_DEPLOYMENT_TARGET = 14.2;
				MTL_ENABLE_DEBUG_INFO = INCLUDE_SOURCE;
				MTL_FAST_MATH = YES;
				ONLY_ACTIVE_ARCH = YES;
				SDKROOT = iphoneos;
				SWIFT_ACTIVE_COMPILATION_CONDITIONS = DEBUG;
				SWIFT_OPTIMIZATION_LEVEL = "-Onone";
			};
			name = Debug;
		};
		B49D3EEA256A8FD500A3D310 /* Release */ = {
			isa = XCBuildConfiguration;
			buildSettings = {
				ALWAYS_SEARCH_USER_PATHS = NO;
				CLANG_ANALYZER_NONNULL = YES;
				CLANG_ANALYZER_NUMBER_OBJECT_CONVERSION = YES_AGGRESSIVE;
				CLANG_CXX_LANGUAGE_STANDARD = "gnu++14";
				CLANG_CXX_LIBRARY = "libc++";
				CLANG_ENABLE_MODULES = YES;
				CLANG_ENABLE_OBJC_ARC = YES;
				CLANG_ENABLE_OBJC_WEAK = YES;
				CLANG_WARN_BLOCK_CAPTURE_AUTORELEASING = YES;
				CLANG_WARN_BOOL_CONVERSION = YES;
				CLANG_WARN_COMMA = YES;
				CLANG_WARN_CONSTANT_CONVERSION = YES;
				CLANG_WARN_DEPRECATED_OBJC_IMPLEMENTATIONS = YES;
				CLANG_WARN_DIRECT_OBJC_ISA_USAGE = YES_ERROR;
				CLANG_WARN_DOCUMENTATION_COMMENTS = YES;
				CLANG_WARN_EMPTY_BODY = YES;
				CLANG_WARN_ENUM_CONVERSION = YES;
				CLANG_WARN_INFINITE_RECURSION = YES;
				CLANG_WARN_INT_CONVERSION = YES;
				CLANG_WARN_NON_LITERAL_NULL_CONVERSION = YES;
				CLANG_WARN_OBJC_IMPLICIT_RETAIN_SELF = YES;
				CLANG_WARN_OBJC_LITERAL_CONVERSION = YES;
				CLANG_WARN_OBJC_ROOT_CLASS = YES_ERROR;
				CLANG_WARN_QUOTED_INCLUDE_IN_FRAMEWORK_HEADER = YES;
				CLANG_WARN_RANGE_LOOP_ANALYSIS = YES;
				CLANG_WARN_STRICT_PROTOTYPES = YES;
				CLANG_WARN_SUSPICIOUS_MOVE = YES;
				CLANG_WARN_UNGUARDED_AVAILABILITY = YES_AGGRESSIVE;
				CLANG_WARN_UNREACHABLE_CODE = YES;
				CLANG_WARN__DUPLICATE_METHOD_MATCH = YES;
				COPY_PHASE_STRIP = NO;
				DEBUG_INFORMATION_FORMAT = "dwarf-with-dsym";
				ENABLE_NS_ASSERTIONS = NO;
				ENABLE_STRICT_OBJC_MSGSEND = YES;
				GCC_C_LANGUAGE_STANDARD = gnu11;
				GCC_NO_COMMON_BLOCKS = YES;
				GCC_WARN_64_TO_32_BIT_CONVERSION = YES;
				GCC_WARN_ABOUT_RETURN_TYPE = YES_ERROR;
				GCC_WARN_UNDECLARED_SELECTOR = YES;
				GCC_WARN_UNINITIALIZED_AUTOS = YES_AGGRESSIVE;
				GCC_WARN_UNUSED_FUNCTION = YES;
				GCC_WARN_UNUSED_VARIABLE = YES;
				IPHONEOS_DEPLOYMENT_TARGET = 14.2;
				MTL_ENABLE_DEBUG_INFO = NO;
				MTL_FAST_MATH = YES;
				SDKROOT = iphoneos;
				SWIFT_COMPILATION_MODE = wholemodule;
				SWIFT_OPTIMIZATION_LEVEL = "-O";
				VALIDATE_PRODUCT = YES;
			};
			name = Release;
		};
		B49D3EEC256A8FD500A3D310 /* Debug */ = {
			isa = XCBuildConfiguration;
			buildSettings = {
				ASSETCATALOG_COMPILER_APPICON_NAME = AppIcon;
				ASSETCATALOG_COMPILER_GLOBAL_ACCENT_COLOR_NAME = AccentColor;
				CODE_SIGN_STYLE = Automatic;
				DEVELOPMENT_ASSET_PATHS = "\"Fruit App/Preview Content\"";
				DEVELOPMENT_TEAM = JBF2VBD96C;
				ENABLE_PREVIEWS = YES;
				INFOPLIST_FILE = "Fruit App/Info.plist";
				IPHONEOS_DEPLOYMENT_TARGET = 14.0;
				LD_RUNPATH_SEARCH_PATHS = (
					"$(inherited)",
					"@executable_path/Frameworks",
				);
				PRODUCT_BUNDLE_IDENTIFIER = "com.alexlykesas.Fruit-App";
				PRODUCT_NAME = "$(TARGET_NAME)";
				SWIFT_VERSION = 5.0;
				TARGETED_DEVICE_FAMILY = "1,2";
			};
			name = Debug;
		};
		B49D3EED256A8FD500A3D310 /* Release */ = {
			isa = XCBuildConfiguration;
			buildSettings = {
				ASSETCATALOG_COMPILER_APPICON_NAME = AppIcon;
				ASSETCATALOG_COMPILER_GLOBAL_ACCENT_COLOR_NAME = AccentColor;
				CODE_SIGN_STYLE = Automatic;
				DEVELOPMENT_ASSET_PATHS = "\"Fruit App/Preview Content\"";
				DEVELOPMENT_TEAM = JBF2VBD96C;
				ENABLE_PREVIEWS = YES;
				INFOPLIST_FILE = "Fruit App/Info.plist";
				IPHONEOS_DEPLOYMENT_TARGET = 14.0;
				LD_RUNPATH_SEARCH_PATHS = (
					"$(inherited)",
					"@executable_path/Frameworks",
				);
				PRODUCT_BUNDLE_IDENTIFIER = "com.alexlykesas.Fruit-App";
				PRODUCT_NAME = "$(TARGET_NAME)";
				SWIFT_VERSION = 5.0;
				TARGETED_DEVICE_FAMILY = "1,2";
			};
			name = Release;
		};
/* End XCBuildConfiguration section */

/* Begin XCConfigurationList section */
		B49D3ED7256A8FD500A3D310 /* Build configuration list for PBXProject "Fruit App" */ = {
			isa = XCConfigurationList;
			buildConfigurations = (
				B49D3EE9256A8FD500A3D310 /* Debug */,
				B49D3EEA256A8FD500A3D310 /* Release */,
			);
			defaultConfigurationIsVisible = 0;
			defaultConfigurationName = Release;
		};
		B49D3EEB256A8FD500A3D310 /* Build configuration list for PBXNativeTarget "Fruit App" */ = {
			isa = XCConfigurationList;
			buildConfigurations = (
				B49D3EEC256A8FD500A3D310 /* Debug */,
				B49D3EED256A8FD500A3D310 /* Release */,
			);
			defaultConfigurationIsVisible = 0;
			defaultConfigurationName = Release;
		};
/* End XCConfigurationList section */
	};
	rootObject = B49D3ED4256A8FD500A3D310 /* Project object */;
}
